
Microsoft Visual Studio Solution File, Format Version 12.00
# Visual Studio 15
Project("{FAE04EC0-301F-11D3-BF4B-00C04F79EFBC}") = "SteamVR", "SteamVR.csproj", "{A9EDDA4B-B359-CF36-DE78-62F30C613730}"
EndProject
Project("{FAE04EC0-301F-11D3-BF4B-00C04F79EFBC}") = "GameMechanics", "GameMechanics.csproj", "{4056C44D-9D07-E8BB-2F67-2B226FD8A2F7}"
EndProject
Project("{FAE04EC0-301F-11D3-BF4B-00C04F79EFBC}") = "SteamVR_Actions", "SteamVR_Actions.csproj", "{00021EDB-F9BE-2B90-D5D9-4A2D07E54ADB}"
EndProject
Project("{FAE04EC0-301F-11D3-BF4B-00C04F79EFBC}") = "GamePieces", "GamePieces.csproj", "{73A9BE66-605E-0191-651F-226F01B0ADAA}"
EndProject
Project("{FAE04EC0-301F-11D3-BF4B-00C04F79EFBC}") = "SimpleTeleporter", "SimpleTeleporter.csproj", "{3B7FD931-BE23-4D98-B6B7-D239FC56ACB9}"
EndProject
Project("{FAE04EC0-301F-11D3-BF4B-00C04F79EFBC}") = "Game", "Game.csproj", "{0D4E4EE0-B7EE-C256-A7D8-00E694E51C70}"
EndProject
Project("{FAE04EC0-301F-11D3-BF4B-00C04F79EFBC}") = "SteamVR_Editor", "SteamVR_Editor.csproj", "{78BDC278-65BB-9B3D-0CCC-FADBE2E8915F}"
EndProject
Project("{FAE04EC0-301F-11D3-BF4B-00C04F79EFBC}") = "SteamVR_Input_Editor", "SteamVR_Input_Editor.csproj", "{B480869D-0BD8-7719-6CBD-40ACA7067619}"
EndProject
Project("{FAE04EC0-301F-11D3-BF4B-00C04F79EFBC}") = "SteamVR_Windows_EditorHelper", "SteamVR_Windows_EditorHelper.csproj", "{509E8AD9-D812-C2E3-0E01-A31AF3EA3783}"
EndProject
Global
	GlobalSection(SolutionConfigurationPlatforms) = preSolution
		Debug|Any CPU = Debug|Any CPU
		Release|Any CPU = Release|Any CPU
	EndGlobalSection
	GlobalSection(ProjectConfigurationPlatforms) = postSolution
		{A9EDDA4B-B359-CF36-DE78-62F30C613730}.Debug|Any CPU.ActiveCfg = Debug|Any CPU
		{A9EDDA4B-B359-CF36-DE78-62F30C613730}.Debug|Any CPU.Build.0 = Debug|Any CPU
		{A9EDDA4B-B359-CF36-DE78-62F30C613730}.Release|Any CPU.ActiveCfg = Release|Any CPU
		{A9EDDA4B-B359-CF36-DE78-62F30C613730}.Release|Any CPU.Build.0 = Release|Any CPU
		{4056C44D-9D07-E8BB-2F67-2B226FD8A2F7}.Debug|Any CPU.ActiveCfg = Debug|Any CPU
		{4056C44D-9D07-E8BB-2F67-2B226FD8A2F7}.Debug|Any CPU.Build.0 = Debug|Any CPU
		{4056C44D-9D07-E8BB-2F67-2B226FD8A2F7}.Release|Any CPU.ActiveCfg = Release|Any CPU
		{4056C44D-9D07-E8BB-2F67-2B226FD8A2F7}.Release|Any CPU.Build.0 = Release|Any CPU
		{00021EDB-F9BE-2B90-D5D9-4A2D07E54ADB}.Debug|Any CPU.ActiveCfg = Debug|Any CPU
		{00021EDB-F9BE-2B90-D5D9-4A2D07E54ADB}.Debug|Any CPU.Build.0 = Debug|Any CPU
		{00021EDB-F9BE-2B90-D5D9-4A2D07E54ADB}.Release|Any CPU.ActiveCfg = Release|Any CPU
		{00021EDB-F9BE-2B90-D5D9-4A2D07E54ADB}.Release|Any CPU.Build.0 = Release|Any CPU
		{73A9BE66-605E-0191-651F-226F01B0ADAA}.Debug|Any CPU.ActiveCfg = Debug|Any CPU
		{73A9BE66-605E-0191-651F-226F01B0ADAA}.Debug|Any CPU.Build.0 = Debug|Any CPU
		{73A9BE66-605E-0191-651F-226F01B0ADAA}.Release|Any CPU.ActiveCfg = Release|Any CPU
		{73A9BE66-605E-0191-651F-226F01B0ADAA}.Release|Any CPU.Build.0 = Release|Any CPU
		{3B7FD931-BE23-4D98-B6B7-D239FC56ACB9}.Debug|Any CPU.ActiveCfg = Debug|Any CPU
		{3B7FD931-BE23-4D98-B6B7-D239FC56ACB9}.Debug|Any CPU.Build.0 = Debug|Any CPU
		{3B7FD931-BE23-4D98-B6B7-D239FC56ACB9}.Release|Any CPU.ActiveCfg = Release|Any CPU
		{3B7FD931-BE23-4D98-B6B7-D239FC56ACB9}.Release|Any CPU.Build.0 = Release|Any CPU
		{0D4E4EE0-B7EE-C256-A7D8-00E694E51C70}.Debug|Any CPU.ActiveCfg = Debug|Any CPU
		{0D4E4EE0-B7EE-C256-A7D8-00E694E51C70}.Debug|Any CPU.Build.0 = Debug|Any CPU
		{0D4E4EE0-B7EE-C256-A7D8-00E694E51C70}.Release|Any CPU.ActiveCfg = Release|Any CPU
		{0D4E4EE0-B7EE-C256-A7D8-00E694E51C70}.Release|Any CPU.Build.0 = Release|Any CPU
		{78BDC278-65BB-9B3D-0CCC-FADBE2E8915F}.Debug|Any CPU.ActiveCfg = Debug|Any CPU
		{78BDC278-65BB-9B3D-0CCC-FADBE2E8915F}.Debug|Any CPU.Build.0 = Debug|Any CPU
		{78BDC278-65BB-9B3D-0CCC-FADBE2E8915F}.Release|Any CPU.ActiveCfg = Release|Any CPU
		{78BDC278-65BB-9B3D-0CCC-FADBE2E8915F}.Release|Any CPU.Build.0 = Release|Any CPU
		{B480869D-0BD8-7719-6CBD-40ACA7067619}.Debug|Any CPU.ActiveCfg = Debug|Any CPU
		{B480869D-0BD8-7719-6CBD-40ACA7067619}.Debug|Any CPU.Build.0 = Debug|Any CPU
		{B480869D-0BD8-7719-6CBD-40ACA7067619}.Release|Any CPU.ActiveCfg = Release|Any CPU
		{B480869D-0BD8-7719-6CBD-40ACA7067619}.Release|Any CPU.Build.0 = Release|Any CPU
		{509E8AD9-D812-C2E3-0E01-A31AF3EA3783}.Debug|Any CPU.ActiveCfg = Debug|Any CPU
		{509E8AD9-D812-C2E3-0E01-A31AF3EA3783}.Debug|Any CPU.Build.0 = Debug|Any CPU
		{509E8AD9-D812-C2E3-0E01-A31AF3EA3783}.Release|Any CPU.ActiveCfg = Release|Any CPU
		{509E8AD9-D812-C2E3-0E01-A31AF3EA3783}.Release|Any CPU.Build.0 = Release|Any CPU
	EndGlobalSection
	GlobalSection(SolutionProperties) = preSolution
		HideSolutionNode = FALSE
	EndGlobalSection
EndGlobal
